
Microsoft Visual Studio Solution File, Format Version 12.00
# Visual Studio Version 16
VisualStudioVersion = 16.0.29613.14
MinimumVisualStudioVersion = 10.0.40219.1
Project("{FAE04EC0-301F-11D3-BF4B-00C04F79EFBC}") = "ArabaLog1", "ArabaLog1.csproj", "{1730801D-C879-4550-B56B-DFE216CBE052}"
EndProject
Global
	GlobalSection(SolutionConfigurationPlatforms) = preSolution
		Debug|Any CPU = Debug|Any CPU
		Release|Any CPU = Release|Any CPU
	EndGlobalSection
	GlobalSection(ProjectConfigurationPlatforms) = postSolution
		{1730801D-C879-4550-B56B-DFE216CBE052}.Debug|Any CPU.ActiveCfg = Debug|Any CPU
		{1730801D-C879-4550-B56B-DFE216CBE052}.Debug|Any CPU.Build.0 = Debug|Any CPU
		{1730801D-C879-4550-B56B-DFE216CBE052}.Release|Any CPU.ActiveCfg = Release|Any CPU
		{1730801D-C879-4550-B56B-DFE216CBE052}.Release|Any CPU.Build.0 = Release|Any CPU
	EndGlobalSection
	GlobalSection(SolutionProperties) = preSolution
		HideSolutionNode = FALSE
	EndGlobalSection
	GlobalSection(ExtensibilityGlobals) = postSolution
		SolutionGuid = {DD4A36C1-DBB4-4318-8977-5E1B4ED40ADC}
	EndGlobalSection
EndGlobal
